
Microsoft Visual Studio Solution File, Format Version 12.00
# Visual Studio Version 16
VisualStudioVersion = 16.0.31624.102
MinimumVisualStudioVersion = 10.0.40219.1
Project("{FAE04EC0-301F-11D3-BF4B-00C04F79EFBC}") = "VartikaAppService1234", "VartikaAppService1234\VartikaAppService1234.csproj", "{91F9ABF2-5DA6-483E-B3B2-88D2F2ECAD59}"
EndProject
Global
	GlobalSection(SolutionConfigurationPlatforms) = preSolution
		Debug|Any CPU = Debug|Any CPU
		Release|Any CPU = Release|Any CPU
	EndGlobalSection
	GlobalSection(ProjectConfigurationPlatforms) = postSolution
		{91F9ABF2-5DA6-483E-B3B2-88D2F2ECAD59}.Debug|Any CPU.ActiveCfg = Debug|Any CPU
		{91F9ABF2-5DA6-483E-B3B2-88D2F2ECAD59}.Debug|Any CPU.Build.0 = Debug|Any CPU
		{91F9ABF2-5DA6-483E-B3B2-88D2F2ECAD59}.Release|Any CPU.ActiveCfg = Release|Any CPU
		{91F9ABF2-5DA6-483E-B3B2-88D2F2ECAD59}.Release|Any CPU.Build.0 = Release|Any CPU
	EndGlobalSection
	GlobalSection(SolutionProperties) = preSolution
		HideSolutionNode = FALSE
	EndGlobalSection
	GlobalSection(ExtensibilityGlobals) = postSolution
		SolutionGuid = {1F8F0779-0267-4E29-BDF2-8F07CDE65BD8}
	EndGlobalSection
EndGlobal
